# The language toolchains the runner-full image unpacks into its tool cache.
#
# Generated by `go run deploy/gen_toolcache_lock.go`; do not edit. The
# scheduled toolcache workflow reruns it and opens a pull request when a line
# moves. deploy/runner-toolcache.sh installs from these rows and nothing else,
# and refuses an archive whose digest is not the one written here.
#
# tool  version  platform  arch  digest  url
#
# platform is the Ubuntu release a Python build is for, and - for everything
# that runs on any of them; arch is Docker's TARGETARCH, and - for what is not
# architecture-specific. Python's digests are this generator's own, taken when
# the archive was first pinned: actions/python-versions publishes none.

python 3.10.21 24.04 amd64 sha256:3ae6d012a8c2cb41bf7a2957a99f1d6d329a264a727053e71edb76b1cfda6f52 https://github.com/actions/python-versions/releases/download/3.10.21-31661269155/python-3.10.21-linux-24.04-x64.tar.gz
python 3.10.21 24.04 arm64 sha256:808df93492fdec88fb6211511c05c10d9c46972512bfd71086d30879860b1d2f https://github.com/actions/python-versions/releases/download/3.10.21-31661269155/python-3.10.21-linux-24.04-arm64.tar.gz
python 3.10.21 26.04 amd64 sha256:b96e38e1755d8e6042b4f48b3f72f5f4f3ef7c0ec228912353a40564079210e7 https://github.com/actions/python-versions/releases/download/3.10.21-31661269155/python-3.10.21-linux-26.04-x64.tar.gz
python 3.10.21 26.04 arm64 sha256:4748cfaf065e4320d9c58ec2eff49202e4b9724966dc7be03e88fcbb2071d711 https://github.com/actions/python-versions/releases/download/3.10.21-31661269155/python-3.10.21-linux-26.04-arm64.tar.gz
python 3.10.21 22.04 amd64 sha256:984c30640578502142ea98a5c55cb24c5f922e3ac078bdc9a89678eb0f3449ab https://github.com/actions/python-versions/releases/download/3.10.21-31661269155/python-3.10.21-linux-22.04-x64.tar.gz
python 3.10.21 22.04 arm64 sha256:cfc6bd83e5f7360a964ec1abfe77f37697f3cba411c73940c88da47da1a60d31 https://github.com/actions/python-versions/releases/download/3.10.21-31661269155/python-3.10.21-linux-22.04-arm64.tar.gz
python 3.11.16 24.04 amd64 sha256:07b61e35f30861939ff95314297921de8f57cd48f85bb18d777651b3ea45f2ee https://github.com/actions/python-versions/releases/download/3.11.16-31661435402/python-3.11.16-linux-24.04-x64.tar.gz
python 3.11.16 24.04 arm64 sha256:5c10f26d48e75b8eda755fece5d9e3a63702b0377d406f7691df06f4dedb0d13 https://github.com/actions/python-versions/releases/download/3.11.16-31661435402/python-3.11.16-linux-24.04-arm64.tar.gz
python 3.11.16 26.04 amd64 sha256:1ee3364fa32887b83366c1f0a618352206d5495bb2a67acbb7b3c7a1ecaff103 https://github.com/actions/python-versions/releases/download/3.11.16-31661435402/python-3.11.16-linux-26.04-x64.tar.gz
python 3.11.16 26.04 arm64 sha256:afe7ff753b2448b5aced4acaa577eaf6a4b8a47ac349961ea73666b6a024ccde https://github.com/actions/python-versions/releases/download/3.11.16-31661435402/python-3.11.16-linux-26.04-arm64.tar.gz
python 3.11.16 22.04 amd64 sha256:e15c467d29cc04e2eaca53a9792bcc123fd34c29056c6c18b6a67a127a5480e3 https://github.com/actions/python-versions/releases/download/3.11.16-31661435402/python-3.11.16-linux-22.04-x64.tar.gz
python 3.11.16 22.04 arm64 sha256:442aff4d76a98be3d1e659f0b71c6436336e52461603ab4d82ec3cfb158d02ea https://github.com/actions/python-versions/releases/download/3.11.16-31661435402/python-3.11.16-linux-22.04-arm64.tar.gz
python 3.12.14 24.04 amd64 sha256:5a03168292516f6dd6dcf630f4bf5369b108abd7c699a7e1db37f1e622257fff https://github.com/actions/python-versions/releases/download/3.12.14-31661455385/python-3.12.14-linux-24.04-x64.tar.gz
python 3.12.14 24.04 arm64 sha256:6163a77a3339ad4d3729f44065ef0ba51865b90cf92e5b247443cdb4bed5cbab https://github.com/actions/python-versions/releases/download/3.12.14-31661455385/python-3.12.14-linux-24.04-arm64.tar.gz
python 3.12.14 26.04 amd64 sha256:55b68b11de5f0997f75308fdd6898e551e7047c5373d70acb5e6827a69e72331 https://github.com/actions/python-versions/releases/download/3.12.14-31661455385/python-3.12.14-linux-26.04-x64.tar.gz
python 3.12.14 26.04 arm64 sha256:8a4f6dd44296e0225d8bb5c72049fa4bb6cd7bcd95941914ad52b64a9450cee1 https://github.com/actions/python-versions/releases/download/3.12.14-31661455385/python-3.12.14-linux-26.04-arm64.tar.gz
python 3.12.14 22.04 amd64 sha256:e13bd8ab6ca32627711d5611d96737c0e8e84bb37cd3505a76ed9779adefc76e https://github.com/actions/python-versions/releases/download/3.12.14-31661455385/python-3.12.14-linux-22.04-x64.tar.gz
python 3.12.14 22.04 arm64 sha256:2b7f2fcd53924dfac86a208ed02c9ab513cf2e0c5260d27ec63cbf3b5ddcc807 https://github.com/actions/python-versions/releases/download/3.12.14-31661455385/python-3.12.14-linux-22.04-arm64.tar.gz
python 3.13.15 24.04 amd64 sha256:4e544242f8a4ef647a6f511b67f9b00eefc9ef366644e3c40a27a6eff709ae2b https://github.com/actions/python-versions/releases/download/3.13.15-31064747964/python-3.13.15-linux-24.04-x64.tar.gz
python 3.13.15 24.04 arm64 sha256:5a537e403b1befe381d7ee4eec030a2d305e66be0570ea04065479f11a262b9a https://github.com/actions/python-versions/releases/download/3.13.15-31064747964/python-3.13.15-linux-24.04-arm64.tar.gz
python 3.13.15 26.04 amd64 sha256:38056debd9f955529c363ba66f810aca5af903559288568f8eee24624cacea68 https://github.com/actions/python-versions/releases/download/3.13.15-31064747964/python-3.13.15-linux-26.04-x64.tar.gz
python 3.13.15 26.04 arm64 sha256:3fc5619df01054062cfb79c37ae8cacafa36980695d2505acde44db54389d071 https://github.com/actions/python-versions/releases/download/3.13.15-31064747964/python-3.13.15-linux-26.04-arm64.tar.gz
python 3.13.15 22.04 amd64 sha256:de151f7c14aa962713a85289cc63f5fb3e52dd3385747d400bb9760abebdb640 https://github.com/actions/python-versions/releases/download/3.13.15-31064747964/python-3.13.15-linux-22.04-x64.tar.gz
python 3.13.15 22.04 arm64 sha256:1bcb948dafdf90dc12767875ec8d06106e99f4d4a3e2eb6e560cc6bc0f202918 https://github.com/actions/python-versions/releases/download/3.13.15-31064747964/python-3.13.15-linux-22.04-arm64.tar.gz
python 3.14.7 24.04 amd64 sha256:76d5ddab6d2dd89a39c06220f6efeda486a48ed481eae97bfc596c74ac3623db https://github.com/actions/python-versions/releases/download/3.14.7-31064857500/python-3.14.7-linux-24.04-x64.tar.gz
python 3.14.7 24.04 arm64 sha256:892080c4ab1303776e5e74d0d1f0756ec126804d92ffc8fbd3e0429181c9cdd2 https://github.com/actions/python-versions/releases/download/3.14.7-31064857500/python-3.14.7-linux-24.04-arm64.tar.gz
python 3.14.7 26.04 amd64 sha256:789b87fbfc52339c3fd619e732a5d2c4926f9ae0a7cefbc34644dcfbdb3a7150 https://github.com/actions/python-versions/releases/download/3.14.7-31064857500/python-3.14.7-linux-26.04-x64.tar.gz
python 3.14.7 26.04 arm64 sha256:97e1b25ff24fe94ca4696de008675870d7b247965fd76526336360359c7bd01f https://github.com/actions/python-versions/releases/download/3.14.7-31064857500/python-3.14.7-linux-26.04-arm64.tar.gz
python 3.14.7 22.04 amd64 sha256:938c95f002a952aa24d7dbc4a6df353e0c9bb22152cafdb7da79e0beb79ae251 https://github.com/actions/python-versions/releases/download/3.14.7-31064857500/python-3.14.7-linux-22.04-x64.tar.gz
python 3.14.7 22.04 arm64 sha256:333d93ac695f6142b16f7d23dc1aa4f9eb7b2c2fbb83202df383d0d09934476b https://github.com/actions/python-versions/releases/download/3.14.7-31064857500/python-3.14.7-linux-22.04-arm64.tar.gz
node 22.23.3 - amd64 sha256:1084aa36196bba4c3a5e69a1ee388a6e4ff729dad09445fbcd434b28fe3c24af https://nodejs.org/dist/v22.23.3/node-v22.23.3-linux-x64.tar.gz
node 22.23.3 - arm64 sha256:5ced2d48d1d7198739b7f86804de0171aefb6823b684b12341d3321afc3cb0b2 https://nodejs.org/dist/v22.23.3/node-v22.23.3-linux-arm64.tar.gz
node 24.21.0 - amd64 sha256:6e1db87ef58b8819e5d5402eff1536491b18edd8eb7bee5ef7897876e88dc5ff https://nodejs.org/dist/v24.21.0/node-v24.21.0-linux-x64.tar.gz
node 24.21.0 - arm64 sha256:724282c3b43aec998aa9527380465b45d229e021b58035f5f4f63095eabfe5d5 https://nodejs.org/dist/v24.21.0/node-v24.21.0-linux-arm64.tar.gz
go 1.27.1 - amd64 sha256:63d339f0da5ab53635a56f2490a7984dfe12dfcff22ad749f63edaf590168445 https://go.dev/dl/go1.27.1.linux-amd64.tar.gz
go 1.27.1 - arm64 sha256:3450b45a3f9ee8568792736a5c5e70a1f2e9b36c35a8f74958c03e51d7d92bec https://go.dev/dl/go1.27.1.linux-arm64.tar.gz
go 1.26.8 - amd64 sha256:d0f743b33e8d8945e6b1f432edd15785c70507121d6e2a723b21285eddf8b57b https://go.dev/dl/go1.26.8.linux-amd64.tar.gz
go 1.26.8 - arm64 sha256:211ffced9dcb9633a55eac6364816ec0ddd951389a740e88fa8b3337971bdda0 https://go.dev/dl/go1.26.8.linux-arm64.tar.gz
java 17.0.20-101 - amd64 sha256:3808d1d15e3ec6bd5b84057fb5d84c33d8a1536a258146bcea2e603fc726e08e https://github.com/adoptium/temurin17-binaries/releases/download/jdk-17.0.20.1%2B1/OpenJDK17U-jdk_x64_linux_hotspot_17.0.20.1_1.tar.gz
java 17.0.20-101 - arm64 sha256:457b57af8f9c93ec39080bb8c764f559dc8c89a6da1a39d718a400b7890d3e41 https://github.com/adoptium/temurin17-binaries/releases/download/jdk-17.0.20.1%2B1/OpenJDK17U-jdk_aarch64_linux_hotspot_17.0.20.1_1.tar.gz
java 21.0.12-101.0.LTS - amd64 sha256:ce79869e1307ed8ee1e2baa86a412b1eb5b75d10a01006d788a6f968bcfaee94 https://github.com/adoptium/temurin21-binaries/releases/download/jdk-21.0.12.1%2B1/OpenJDK21U-jdk_x64_linux_hotspot_21.0.12.1_1.tar.gz
java 21.0.12-101.0.LTS - arm64 sha256:23e37e026f12f3e706f18938ff611db3032d075b09d0879a25d06718c773e223 https://github.com/adoptium/temurin21-binaries/releases/download/jdk-21.0.12.1%2B1/OpenJDK21U-jdk_aarch64_linux_hotspot_21.0.12.1_1.tar.gz
java 25.0.4-101.0.LTS - amd64 sha256:dbb698396d478e7fa2b1e50f4103324b2a99b90569ee27c33f2261f9215cf41e https://github.com/adoptium/temurin25-binaries/releases/download/jdk-25.0.4.1%2B1/OpenJDK25U-jdk_x64_linux_hotspot_25.0.4.1_1.tar.gz
java 25.0.4-101.0.LTS - arm64 sha256:69df11a02cfa3ef7d7ca645e03edce6778ec090e100f6ae2b42097865730ac52 https://github.com/adoptium/temurin25-binaries/releases/download/jdk-25.0.4.1%2B1/OpenJDK25U-jdk_aarch64_linux_hotspot_25.0.4.1_1.tar.gz
dotnet 8.0.425 - amd64 sha512:934b8060a7190e5909ad1fd0785db542f487b3bbf6cdd14826b02095fdd0d0394298b1634085eff302928fccc33f7c1a7253e9b87df555fc36fce819bcd2e798 https://builds.dotnet.microsoft.com/dotnet/Sdk/8.0.425/dotnet-sdk-8.0.425-linux-x64.tar.gz
dotnet 8.0.425 - arm64 sha512:84a4d017d74d7aa842e981679d1b044e6be1f35b9b2b214021e30bc40871d016d29611cca373d8502ad5c890e3ad360ee698f9cf2d7a4d5a9fba102d88ba310f https://builds.dotnet.microsoft.com/dotnet/Sdk/8.0.425/dotnet-sdk-8.0.425-linux-arm64.tar.gz
dotnet 10.0.401 - amd64 sha512:51c8b999af9e8dd9998c9edc5944e19a90788862068acd38694e098889054ce8c23d4f0c5cccfa16bf187d044562359e5ee69a9f8ad0bbe913ba90311fbce25b https://builds.dotnet.microsoft.com/dotnet/Sdk/10.0.401/dotnet-sdk-10.0.401-linux-x64.tar.gz
dotnet 10.0.401 - arm64 sha512:58ace73ced6b4360754689a686bdfb8a317f4da6cb8bb416dbc7d0ba9f47e43e3c09f5eb1f1a1cfaacbd10df9558da4882bf2a5e195d6ab56a02c1f9f76102ed https://builds.dotnet.microsoft.com/dotnet/Sdk/10.0.401/dotnet-sdk-10.0.401-linux-arm64.tar.gz
maven 3.9.16 - - sha512:831a8591fe20c8243b1dbe7d71e3244f31d1665b0804b2e825e38cbbe5ce0cafb8338851f90780735568773e0a6cd07bbec107cda0b896b008b861075358b6f6 https://repo.maven.apache.org/maven2/org/apache/maven/apache-maven/3.9.16/apache-maven-3.9.16-bin.tar.gz
gradle 9.7.1 - - sha256:acd53f1edaf02f1a8ff99879f8a34b302661a057d9b063ae9e35b552f804d20a https://services.gradle.org/distributions/gradle-9.7.1-bin.zip
rustup 1.29.1 - amd64 sha256:dda7234360b7f578ca8b0ddcb80145646fa61a67c1720a5abc7051b35c9fcb71 https://static.rust-lang.org/rustup/archive/1.29.1/x86_64-unknown-linux-gnu/rustup-init
rustup 1.29.1 - arm64 sha256:15f6e4ce9f583b929c996c91562bad6d4454f3281de858b02cdfdef615fac433 https://static.rust-lang.org/rustup/archive/1.29.1/aarch64-unknown-linux-gnu/rustup-init
rust 1.98.1 - - - -
