# The language toolchains the runner-full image unpacks into its tool cache.
#
# Generated by `go run deploy/gen_toolcache_lock.go`; do not edit. The
# scheduled toolcache workflow reruns it and opens a pull request when a line
# moves. deploy/runner-toolcache.sh installs from these rows and nothing else,
# and refuses an archive whose digest is not the one written here.
#
# tool  version  platform  arch  digest  url
#
# platform is the Ubuntu release a Python build is for, and - for everything
# that runs on any of them; arch is Docker's TARGETARCH, and - for what is not
# architecture-specific. Python's digests are this generator's own, taken when
# the archive was first pinned: actions/python-versions publishes none.

python 3.10.22 24.04 amd64 sha256:4c96c0e9380150d436c38be322bafa04a5632db7eb2def147b7553ed7e88fd16 https://github.com/actions/python-versions/releases/download/3.10.22-36876129702/python-3.10.22-linux-24.04-x64.tar.gz
python 3.10.22 24.04 arm64 sha256:678191f49348bcaf1d420ad634202d9e5210a145eb9eb84f01e3b221211f0aa2 https://github.com/actions/python-versions/releases/download/3.10.22-36876129702/python-3.10.22-linux-24.04-arm64.tar.gz
python 3.10.22 26.04 amd64 sha256:4c96c0e9380150d436c38be322bafa04a5632db7eb2def147b7553ed7e88fd16 https://github.com/actions/python-versions/releases/download/3.10.22-36876129702/python-3.10.22-linux-24.04-x64.tar.gz
python 3.10.22 26.04 arm64 sha256:5a6d19445ca8dc6e4742c1c1f86537b558da554600bdab4136871ea228ccba91 https://github.com/actions/python-versions/releases/download/3.10.22-36876129702/python-3.10.22-linux-26.04-arm64.tar.gz
python 3.10.22 22.04 amd64 sha256:0778f8324e655c55cf804300d142c4b04166939ca8614c215735d46fb04d34c4 https://github.com/actions/python-versions/releases/download/3.10.22-36876129702/python-3.10.22-linux-22.04-x64.tar.gz
python 3.10.22 22.04 arm64 sha256:4a17d485cc7949de63cb52caea80e0fca52a75a94aff006e741795e1e1a614a9 https://github.com/actions/python-versions/releases/download/3.10.22-36876129702/python-3.10.22-linux-22.04-arm64.tar.gz
python 3.11.17 24.04 amd64 sha256:ae713815fe406a06f1691856f697a0b1e58b3e986f44e62f0cd0bca2424f1aac https://github.com/actions/python-versions/releases/download/3.11.17-36876195594/python-3.11.17-linux-24.04-x64.tar.gz
python 3.11.17 24.04 arm64 sha256:a7a7bb9e6b50483f393d1c44c87aa87677a0464a9e3b07f33ee5b31ce155c6ef https://github.com/actions/python-versions/releases/download/3.11.17-36876195594/python-3.11.17-linux-24.04-arm64.tar.gz
python 3.11.17 26.04 amd64 sha256:ae713815fe406a06f1691856f697a0b1e58b3e986f44e62f0cd0bca2424f1aac https://github.com/actions/python-versions/releases/download/3.11.17-36876195594/python-3.11.17-linux-24.04-x64.tar.gz
python 3.11.17 26.04 arm64 sha256:17290ecfb46c01d83c5c0880e86fb90396c2ab37de68d396bc064e80cf96e270 https://github.com/actions/python-versions/releases/download/3.11.17-36876195594/python-3.11.17-linux-26.04-arm64.tar.gz
python 3.11.17 22.04 amd64 sha256:9f7233ce8c4dacb2112c52842d6eb21be6e43907234f74c5a34f29bbba441eab https://github.com/actions/python-versions/releases/download/3.11.17-36876195594/python-3.11.17-linux-22.04-x64.tar.gz
python 3.11.17 22.04 arm64 sha256:d6d9d8fb8b94e9a3139bb0076a5c035b03e9c16f76ac4e63cd9d7061b328ad82 https://github.com/actions/python-versions/releases/download/3.11.17-36876195594/python-3.11.17-linux-22.04-arm64.tar.gz
python 3.12.15 24.04 amd64 sha256:fcb672b0437c2d8df5565b7cc250b2b0d7455e2b8d6a4a107cfa6f2efe4f7ed8 https://github.com/actions/python-versions/releases/download/3.12.15-36805895057/python-3.12.15-linux-24.04-x64.tar.gz
python 3.12.15 24.04 arm64 sha256:c537f7852633f9a6d909181528e263087ad815cc44d52ed226992b70b2648f44 https://github.com/actions/python-versions/releases/download/3.12.15-36805895057/python-3.12.15-linux-24.04-arm64.tar.gz
python 3.12.15 26.04 amd64 sha256:fcb672b0437c2d8df5565b7cc250b2b0d7455e2b8d6a4a107cfa6f2efe4f7ed8 https://github.com/actions/python-versions/releases/download/3.12.15-36805895057/python-3.12.15-linux-24.04-x64.tar.gz
python 3.12.15 26.04 arm64 sha256:f0aed9473201be0842a868ee8d6f1e0356dc685657c660ccc43552504e119db3 https://github.com/actions/python-versions/releases/download/3.12.15-36805895057/python-3.12.15-linux-26.04-arm64.tar.gz
python 3.12.15 22.04 amd64 sha256:fd34adcd9e6e73402f9c54fb5b7dab6e15fb77f21706fe5e95a5462b10961afc https://github.com/actions/python-versions/releases/download/3.12.15-36805895057/python-3.12.15-linux-22.04-x64.tar.gz
python 3.12.15 22.04 arm64 sha256:753766e28452fe7946c9e7bab7428c02ece786da64d066af9bd390ac38ae3b79 https://github.com/actions/python-versions/releases/download/3.12.15-36805895057/python-3.12.15-linux-22.04-arm64.tar.gz
python 3.13.16 24.04 amd64 sha256:d6f5f504043400592e9dcf368ba262c64d998608646cc22281b5a75beecbc872 https://github.com/actions/python-versions/releases/download/3.13.16-36805956071/python-3.13.16-linux-24.04-x64.tar.gz
python 3.13.16 24.04 arm64 sha256:0e923697b278f1a21ac403838a4238b659200726d8983c3f271a120e76090f0e https://github.com/actions/python-versions/releases/download/3.13.16-36805956071/python-3.13.16-linux-24.04-arm64.tar.gz
python 3.13.16 26.04 amd64 sha256:d6f5f504043400592e9dcf368ba262c64d998608646cc22281b5a75beecbc872 https://github.com/actions/python-versions/releases/download/3.13.16-36805956071/python-3.13.16-linux-24.04-x64.tar.gz
python 3.13.16 26.04 arm64 sha256:92e59ebc6633455ce8a859cbfdffdbaafb267d6e769271193e5eb7f616903365 https://github.com/actions/python-versions/releases/download/3.13.16-36805956071/python-3.13.16-linux-26.04-arm64.tar.gz
python 3.13.16 22.04 amd64 sha256:1b505e67454851c1a91774a23d4cf9615db2d48a90fc0f50579e35c28e9e91b0 https://github.com/actions/python-versions/releases/download/3.13.16-36805956071/python-3.13.16-linux-22.04-x64.tar.gz
python 3.13.16 22.04 arm64 sha256:1e3fe99c813710957d336e3ef4feef3a6d474fd192e20124aae67417dea8dcdd https://github.com/actions/python-versions/releases/download/3.13.16-36805956071/python-3.13.16-linux-22.04-arm64.tar.gz
python 3.14.8 24.04 amd64 sha256:fa74abc70a55c10f6631967784878704eef81bbde9b8ec27469534f6ba997cb3 https://github.com/actions/python-versions/releases/download/3.14.8-36806082737/python-3.14.8-linux-24.04-x64.tar.gz
python 3.14.8 24.04 arm64 sha256:c3e32f230e21eae0bc775ff59da22363a9c73416bd92966e5d859eff8ec7cd10 https://github.com/actions/python-versions/releases/download/3.14.8-36806082737/python-3.14.8-linux-24.04-arm64.tar.gz
python 3.14.8 26.04 amd64 sha256:fa74abc70a55c10f6631967784878704eef81bbde9b8ec27469534f6ba997cb3 https://github.com/actions/python-versions/releases/download/3.14.8-36806082737/python-3.14.8-linux-24.04-x64.tar.gz
python 3.14.8 26.04 arm64 sha256:069c5381abeb9cbbe4ab6d55e2ddc792b8aa3ede39f8f9b2a2db06ec65c0a4f2 https://github.com/actions/python-versions/releases/download/3.14.8-36806082737/python-3.14.8-linux-26.04-arm64.tar.gz
python 3.14.8 22.04 amd64 sha256:3b6ca0860f3e23ca51901c78b7c945253ef35b9938dbc6529a5fea2183342363 https://github.com/actions/python-versions/releases/download/3.14.8-36806082737/python-3.14.8-linux-22.04-x64.tar.gz
python 3.14.8 22.04 arm64 sha256:098ad93f3b888704c908c2c0ed7937e9b5136c56aa143e287574a5d88b716fac https://github.com/actions/python-versions/releases/download/3.14.8-36806082737/python-3.14.8-linux-22.04-arm64.tar.gz
node 22.23.3 - amd64 sha256:1084aa36196bba4c3a5e69a1ee388a6e4ff729dad09445fbcd434b28fe3c24af https://nodejs.org/dist/v22.23.3/node-v22.23.3-linux-x64.tar.gz
node 22.23.3 - arm64 sha256:5ced2d48d1d7198739b7f86804de0171aefb6823b684b12341d3321afc3cb0b2 https://nodejs.org/dist/v22.23.3/node-v22.23.3-linux-arm64.tar.gz
node 24.21.0 - amd64 sha256:6e1db87ef58b8819e5d5402eff1536491b18edd8eb7bee5ef7897876e88dc5ff https://nodejs.org/dist/v24.21.0/node-v24.21.0-linux-x64.tar.gz
node 24.21.0 - arm64 sha256:724282c3b43aec998aa9527380465b45d229e021b58035f5f4f63095eabfe5d5 https://nodejs.org/dist/v24.21.0/node-v24.21.0-linux-arm64.tar.gz
go 1.27.1 - amd64 sha256:63d339f0da5ab53635a56f2490a7984dfe12dfcff22ad749f63edaf590168445 https://go.dev/dl/go1.27.1.linux-amd64.tar.gz
go 1.27.1 - arm64 sha256:3450b45a3f9ee8568792736a5c5e70a1f2e9b36c35a8f74958c03e51d7d92bec https://go.dev/dl/go1.27.1.linux-arm64.tar.gz
go 1.26.8 - amd64 sha256:d0f743b33e8d8945e6b1f432edd15785c70507121d6e2a723b21285eddf8b57b https://go.dev/dl/go1.26.8.linux-amd64.tar.gz
go 1.26.8 - arm64 sha256:211ffced9dcb9633a55eac6364816ec0ddd951389a740e88fa8b3337971bdda0 https://go.dev/dl/go1.26.8.linux-arm64.tar.gz
java 17.0.20-101 - amd64 sha256:3808d1d15e3ec6bd5b84057fb5d84c33d8a1536a258146bcea2e603fc726e08e https://github.com/adoptium/temurin17-binaries/releases/download/jdk-17.0.20.1%2B1/OpenJDK17U-jdk_x64_linux_hotspot_17.0.20.1_1.tar.gz
java 17.0.20-101 - arm64 sha256:457b57af8f9c93ec39080bb8c764f559dc8c89a6da1a39d718a400b7890d3e41 https://github.com/adoptium/temurin17-binaries/releases/download/jdk-17.0.20.1%2B1/OpenJDK17U-jdk_aarch64_linux_hotspot_17.0.20.1_1.tar.gz
java 21.0.12-101.0.LTS - amd64 sha256:ce79869e1307ed8ee1e2baa86a412b1eb5b75d10a01006d788a6f968bcfaee94 https://github.com/adoptium/temurin21-binaries/releases/download/jdk-21.0.12.1%2B1/OpenJDK21U-jdk_x64_linux_hotspot_21.0.12.1_1.tar.gz
java 21.0.12-101.0.LTS - arm64 sha256:23e37e026f12f3e706f18938ff611db3032d075b09d0879a25d06718c773e223 https://github.com/adoptium/temurin21-binaries/releases/download/jdk-21.0.12.1%2B1/OpenJDK21U-jdk_aarch64_linux_hotspot_21.0.12.1_1.tar.gz
java 25.0.4-101.0.LTS - amd64 sha256:dbb698396d478e7fa2b1e50f4103324b2a99b90569ee27c33f2261f9215cf41e https://github.com/adoptium/temurin25-binaries/releases/download/jdk-25.0.4.1%2B1/OpenJDK25U-jdk_x64_linux_hotspot_25.0.4.1_1.tar.gz
java 25.0.4-101.0.LTS - arm64 sha256:69df11a02cfa3ef7d7ca645e03edce6778ec090e100f6ae2b42097865730ac52 https://github.com/adoptium/temurin25-binaries/releases/download/jdk-25.0.4.1%2B1/OpenJDK25U-jdk_aarch64_linux_hotspot_25.0.4.1_1.tar.gz
dotnet 8.0.425 - amd64 sha512:934b8060a7190e5909ad1fd0785db542f487b3bbf6cdd14826b02095fdd0d0394298b1634085eff302928fccc33f7c1a7253e9b87df555fc36fce819bcd2e798 https://builds.dotnet.microsoft.com/dotnet/Sdk/8.0.425/dotnet-sdk-8.0.425-linux-x64.tar.gz
dotnet 8.0.425 - arm64 sha512:84a4d017d74d7aa842e981679d1b044e6be1f35b9b2b214021e30bc40871d016d29611cca373d8502ad5c890e3ad360ee698f9cf2d7a4d5a9fba102d88ba310f https://builds.dotnet.microsoft.com/dotnet/Sdk/8.0.425/dotnet-sdk-8.0.425-linux-arm64.tar.gz
dotnet 10.0.401 - amd64 sha512:51c8b999af9e8dd9998c9edc5944e19a90788862068acd38694e098889054ce8c23d4f0c5cccfa16bf187d044562359e5ee69a9f8ad0bbe913ba90311fbce25b https://builds.dotnet.microsoft.com/dotnet/Sdk/10.0.401/dotnet-sdk-10.0.401-linux-x64.tar.gz
dotnet 10.0.401 - arm64 sha512:58ace73ced6b4360754689a686bdfb8a317f4da6cb8bb416dbc7d0ba9f47e43e3c09f5eb1f1a1cfaacbd10df9558da4882bf2a5e195d6ab56a02c1f9f76102ed https://builds.dotnet.microsoft.com/dotnet/Sdk/10.0.401/dotnet-sdk-10.0.401-linux-arm64.tar.gz
maven 3.10.0 - - sha512:908b1501bfb420bf7c8affb855534a9c407fd6099367bfb9f2f2dcb8e9799102bffb84518cde74c679bd76870247c6528683abdd620581bffa90f95d92d175aa https://repo.maven.apache.org/maven2/org/apache/maven/apache-maven/3.10.0/apache-maven-3.10.0-bin.tar.gz
gradle 9.8.0 - - sha256:bafd5ce9cfaea0fbccfdc8439a1ac42fbd4cd9c89dc9a988228d8a2639a58e6c https://services.gradle.org/distributions/gradle-9.8.0-bin.zip
rustup 1.29.1 - amd64 sha256:dda7234360b7f578ca8b0ddcb80145646fa61a67c1720a5abc7051b35c9fcb71 https://static.rust-lang.org/rustup/archive/1.29.1/x86_64-unknown-linux-gnu/rustup-init
rustup 1.29.1 - arm64 sha256:15f6e4ce9f583b929c996c91562bad6d4454f3281de858b02cdfdef615fac433 https://static.rust-lang.org/rustup/archive/1.29.1/aarch64-unknown-linux-gnu/rustup-init
rust 1.99.0 - - - -
