# Every image v1.2.0 deploys, and the digest its tag resolved to.
#
# Generated by `make marketplace-lock`; do not edit. Each line is one image
# reference and the digest it pointed at when this release was locked, so a
# deployment can be audited against what was published rather than against
# whatever the tag means today.
#
# The runner images are here for that audit, not because the bootstrap picks
# one: a controller resolves its runners from its own build tag, so pinning
# the controller pins every line below with it.

caddy:2-alpine                                           sha256:de23def33b17fb5d1290b0f6c2add1d70780e52341896c00a4c8a2a2fe9d355e
cloudflare/cloudflared:2026.9.1                          sha256:b269e8abd07a5bf6f3f4be65d5050b2174eca89c56a0241a8ff32a16aec454e4
ghcr.io/eyupio/zoomies-runner-docker:debian-12-v1.2.0    sha256:9bb11ea44ec66db42869b44c102b9e00526b69cadae4234c04086f4974ca519d
ghcr.io/eyupio/zoomies-runner-docker:fedora-42-v1.2.0    sha256:6dbb406481f73ff3e77f3f13cfc635ac5c0619673db56c2024d026e332eff85e
ghcr.io/eyupio/zoomies-runner-docker:rocky-9-v1.2.0      sha256:19947999925a41ce189e439a1da2bd96d95e423984ec276bbd70db463c3a7d23
ghcr.io/eyupio/zoomies-runner-docker:ubuntu-2204-v1.2.0  sha256:c16feaf1593685389b0395e0b17002bbdd0e20c268dfc123b1819b3e24fb2575
ghcr.io/eyupio/zoomies-runner-docker:ubuntu-2404-v1.2.0  sha256:a341d4d3c4ff5d109d80a3f5549dabe79130478a7f3d85f3784ee03b7a9bb2e1
ghcr.io/eyupio/zoomies-runner:debian-12-v1.2.0           sha256:67cf464f08b0d79578298b66eb99eff8a630a4b724bf97c9766fd571fe23a736
ghcr.io/eyupio/zoomies-runner:fedora-42-v1.2.0           sha256:cdd63fa06918de5c66e94d575e529020f60376bc1e74839eee791b55dcb7dea4
ghcr.io/eyupio/zoomies-runner:rocky-9-v1.2.0             sha256:13114d45839c8dbad9ea1e26ac60b16176990c35894dce51d39309a7bf66003b
ghcr.io/eyupio/zoomies-runner:ubuntu-2204-v1.2.0         sha256:87a4ebfa3bca0a3b4973d2e4297fc22fa2b831eea8083381b31da01c04547959
ghcr.io/eyupio/zoomies-runner:ubuntu-2404-v1.2.0         sha256:3551a44f9e14006412fc414658fe60cbda902a1cb3f43313356cceca256bc08c
ghcr.io/eyupio/zoomies:v1.2.0                            sha256:48e3c17c524c71f5891a75cb2bbc398615ec06f96d48bfa7102d524a587f0d38
