# Every image v1.0.0 deploys, and the digest its tag resolved to.
#
# Generated by `make marketplace-lock`; do not edit. Each line is one image
# reference and the digest it pointed at when this release was locked, so a
# deployment can be audited against what was published rather than against
# whatever the tag means today.
#
# The runner images are here for that audit, not because the bootstrap picks
# one: a controller resolves its runners from its own build tag, so pinning
# the controller pins every line below with it.

ghcr.io/eyupio/zoomies-runner-docker:debian-12-v1.0.0    sha256:0084497d249070ff9a58bceb004e5410d34f7097d78b302172dbf89bce7b8e5d
ghcr.io/eyupio/zoomies-runner-docker:fedora-42-v1.0.0    sha256:f67be805c1dd944ebefb61269f433b844d2c4731c4cd94a1acdcb45a522a0aed
ghcr.io/eyupio/zoomies-runner-docker:rocky-9-v1.0.0      sha256:d9f8ddb054eb71f8b521b718f7c022c3cf437919453bb19be3b547ab38daf957
ghcr.io/eyupio/zoomies-runner-docker:ubuntu-2204-v1.0.0  sha256:dc3c97814f0f7f3f69613afb5a1c395515be0cbab6fb7e3a83924987b326af8c
ghcr.io/eyupio/zoomies-runner-docker:ubuntu-2404-v1.0.0  sha256:ccdc54cbcd87e1a7b2571eae40d4333488a4f1c8901ec2efd25714f402ef92e7
ghcr.io/eyupio/zoomies-runner:debian-12-v1.0.0           sha256:129c2d55f222d0556e5dd758ad1245105dbdd294c0135aa9be547c5caa2a73f3
ghcr.io/eyupio/zoomies-runner:fedora-42-v1.0.0           sha256:9b5b5289833077e65a5740eedae9b0f34cc348de88b7ae9d276886eda2521076
ghcr.io/eyupio/zoomies-runner:rocky-9-v1.0.0             sha256:e659a85a58f377ae73b3acd52b92c1dc3fff47dde74fab268fd8076d395ee202
ghcr.io/eyupio/zoomies-runner:ubuntu-2204-v1.0.0         sha256:5c0889e9f34b271d27dbed502333177c43e15e2b6840d34ac4d71f9cea07537d
ghcr.io/eyupio/zoomies-runner:ubuntu-2404-v1.0.0         sha256:9282640f57796efb5f2b4f9d5af1985209fe4ce07937c366a7c460bbb26a5c4f
ghcr.io/eyupio/zoomies:v1.0.0                            sha256:1cd592a0d3fbfa1c6fe878d87928e571ece6aee7a51ad80d2fd986465e67ad14
