# Every image v1.3.0 deploys, and the digest its tag resolved to.
#
# Generated by `make marketplace-lock`; do not edit. Each line is one image
# reference and the digest it pointed at when this release was locked, so a
# deployment can be audited against what was published rather than against
# whatever the tag means today.
#
# The runner images are here for that audit, not because the bootstrap picks
# one: a controller resolves its runners from its own build tag, so pinning
# the controller pins every line below with it.

caddy:2-alpine                                           sha256:de23def33b17fb5d1290b0f6c2add1d70780e52341896c00a4c8a2a2fe9d355e
cloudflare/cloudflared:2026.9.1                          sha256:b269e8abd07a5bf6f3f4be65d5050b2174eca89c56a0241a8ff32a16aec454e4
ghcr.io/eyupio/zoomies-runner-docker:debian-12-v1.3.0    sha256:40b310fcd9a934837a632683d7693ce189b697899e366841099fe838e8a55616
ghcr.io/eyupio/zoomies-runner-docker:fedora-42-v1.3.0    sha256:e042538ba69343391839b4b880c3c64e814fc166528574eb8f8fcfdb1ac32faa
ghcr.io/eyupio/zoomies-runner-docker:rocky-9-v1.3.0      sha256:401ce97c50735688a5b4a0aab58fdd7fd696e8bb5fdbc34f8c636120714c93af
ghcr.io/eyupio/zoomies-runner-docker:ubuntu-2204-v1.3.0  sha256:ebd8fcfe7b6768d57c7978373b251fb79f542eff8d294d7d482ccc0e257cc53c
ghcr.io/eyupio/zoomies-runner-docker:ubuntu-2404-v1.3.0  sha256:6b859930da534a72062c41a0021e5be7ccbce3b10c43da0abcc6c1d6bc9a6123
ghcr.io/eyupio/zoomies-runner:debian-12-v1.3.0           sha256:bda237cf5c1ed78136067d56b9e430acba339fc542d2bf0e17279424fdeba032
ghcr.io/eyupio/zoomies-runner:fedora-42-v1.3.0           sha256:7ea433f8c1a04ae236ce1a495fff6ee2b362e72e33d277a93ca85e0d54a42d90
ghcr.io/eyupio/zoomies-runner:rocky-9-v1.3.0             sha256:a61019c617c53619460966fd23e5eef444f8d548fc13aa6064bfae8b46bb51ab
ghcr.io/eyupio/zoomies-runner:ubuntu-2204-v1.3.0         sha256:5f5bda8e7864085d99e4572554a867e034af0c8218d7960c8b250e8e1e9c8e8e
ghcr.io/eyupio/zoomies-runner:ubuntu-2404-v1.3.0         sha256:59e814b567a8a200e80cded0d8c635a272a9fef95a0ac49bdb962a66619e0df6
ghcr.io/eyupio/zoomies:v1.3.0                            sha256:2fde9bdccfb204d86f7a4bd363e11ddfb714ad291467956c29e2145b52666581
